
Microsoft Visual Studio Solution File, Format Version 12.00
# Visual Studio Version 16
VisualStudioVersion = 16.0.30503.244
MinimumVisualStudioVersion = 10.0.40219.1
Project("{FAE04EC0-301F-11D3-BF4B-00C04F79EFBC}") = "Search_Insert_Position", "Search_Insert_Position\Search_Insert_Position.csproj", "{1679E8C4-91CB-48C8-9415-8CCD2BC84C1C}"
EndProject
Global
	GlobalSection(SolutionConfigurationPlatforms) = preSolution
		Debug|Any CPU = Debug|Any CPU
		Release|Any CPU = Release|Any CPU
	EndGlobalSection
	GlobalSection(ProjectConfigurationPlatforms) = postSolution
		{1679E8C4-91CB-48C8-9415-8CCD2BC84C1C}.Debug|Any CPU.ActiveCfg = Debug|Any CPU
		{1679E8C4-91CB-48C8-9415-8CCD2BC84C1C}.Debug|Any CPU.Build.0 = Debug|Any CPU
		{1679E8C4-91CB-48C8-9415-8CCD2BC84C1C}.Release|Any CPU.ActiveCfg = Release|Any CPU
		{1679E8C4-91CB-48C8-9415-8CCD2BC84C1C}.Release|Any CPU.Build.0 = Release|Any CPU
	EndGlobalSection
	GlobalSection(SolutionProperties) = preSolution
		HideSolutionNode = FALSE
	EndGlobalSection
	GlobalSection(ExtensibilityGlobals) = postSolution
		SolutionGuid = {E6C5BB0D-AA00-4086-AF26-96E22B43AADE}
	EndGlobalSection
EndGlobal
